
Microsoft Visual Studio Solution File, Format Version 12.00
# Visual Studio Version 17
VisualStudioVersion = 17.3.32825.248
MinimumVisualStudioVersion = 10.0.40219.1
Project("{FAE04EC0-301F-11D3-BF4B-00C04F79EFBC}") = "Argo2", "Argo2\Argo2.csproj", "{9C005AD9-C7C4-4B60-A9B3-29E5F40DB928}"
EndProject
Global
	GlobalSection(SolutionConfigurationPlatforms) = preSolution
		Debug|Any CPU = Debug|Any CPU
		Release|Any CPU = Release|Any CPU
	EndGlobalSection
	GlobalSection(ProjectConfigurationPlatforms) = postSolution
		{9C005AD9-C7C4-4B60-A9B3-29E5F40DB928}.Debug|Any CPU.ActiveCfg = Debug|Any CPU
		{9C005AD9-C7C4-4B60-A9B3-29E5F40DB928}.Debug|Any CPU.Build.0 = Debug|Any CPU
		{9C005AD9-C7C4-4B60-A9B3-29E5F40DB928}.Release|Any CPU.ActiveCfg = Release|Any CPU
		{9C005AD9-C7C4-4B60-A9B3-29E5F40DB928}.Release|Any CPU.Build.0 = Release|Any CPU
	EndGlobalSection
	GlobalSection(SolutionProperties) = preSolution
		HideSolutionNode = FALSE
	EndGlobalSection
	GlobalSection(ExtensibilityGlobals) = postSolution
		SolutionGuid = {74FCE02F-36A9-4D5F-BF36-892381F92DFE}
	EndGlobalSection
EndGlobal
